<?xml version="1.0" encoding="utf-8"?>
<Project ToolsVersion="12.0" xmlns="http://schemas.microsoft.com/developer/msbuild/2003">
  <ItemGroup>
    <ClCompile Include="C:\Light scattering\Main.cpp">
      <Filter>Source Files</Filter>
    </ClCompile>
    <ClCompile Include="C:\Light scattering\Urho3DAll.cpp">
      <Filter>Source Files</Filter>
    </ClCompile>
    <ClCompile Include="DebugUI.cpp">
      <Filter>Source Files</Filter>
    </ClCompile>
    <ClCompile Include="GameScene.cpp">
      <Filter>Source Files</Filter>
    </ClCompile>
    <ClCompile Include="Player.cpp">
      <Filter>Source Files</Filter>
    </ClCompile>
    <ClCompile Include="PlayerCamera.cpp">
      <Filter>Source Files</Filter>
    </ClCompile>
  </ItemGroup>
  <ItemGroup>
    <ClInclude Include="C:\Light scattering\Urho3DAll.h">
      <Filter>Header Files</Filter>
    </ClInclude>
    <ClInclude Include="DebugUI.h">
      <Filter>Header Files</Filter>
    </ClInclude>
    <ClInclude Include="GameScene.h">
      <Filter>Header Files</Filter>
    </ClInclude>
    <ClInclude Include="Player.h">
      <Filter>Header Files</Filter>
    </ClInclude>
    <ClInclude Include="PlayerCamera.h">
      <Filter>Header Files</Filter>
    </ClInclude>
  </ItemGroup>
  <ItemGroup>
    <CustomBuild Include="C:\Light scattering\CMakeLists.txt" />
  </ItemGroup>
  <ItemGroup>
    <None Include="C:\Light scattering\bin\CoreData" />
    <None Include="C:\Light scattering\bin\Data" />
  </ItemGroup>
  <ItemGroup>
    <Filter Include="Source Files">
      <UniqueIdentifier>{4948F14E-D21B-4F07-918A-D63203F6FAE3}</UniqueIdentifier>
    </Filter>
    <Filter Include="Header Files">
      <UniqueIdentifier>{F5FE0A08-5EB1-4347-9395-11F4BF83DC90}</UniqueIdentifier>
    </Filter>
  </ItemGroup>
</Project>